// !$*UTF8*$!
{
	archiveVersion = 1;
	classes = {
	};
	objectVersion = 46;
	objects = {

/* Begin PBXBuildFile section */
		A36A089619D3557A00F2B5C3 /* CartaView.m in Sources */ = {isa = PBXBuildFile; fileRef = A36A089519D3557A00F2B5C3 /* CartaView.m */; };
		A3E354CB19C9D20A00DEF8F0 /* JogoDeCombinacaoDeCartas.m in Sources */ = {isa = PBXBuildFile; fileRef = A3E354CA19C9D20A00DEF8F0 /* JogoDeCombinacaoDeCartas.m */; };
		A3FC7FC819C1D263009E5336 /* main.m in Sources */ = {isa = PBXBuildFile; fileRef = A3FC7FC719C1D263009E5336 /* main.m */; };
		A3FC7FCB19C1D263009E5336 /* AppDelegate.m in Sources */ = {isa = PBXBuildFile; fileRef = A3FC7FCA19C1D263009E5336 /* AppDelegate.m */; };
		A3FC7FD119C1D263009E5336 /* Main.storyboard in Resources */ = {isa = PBXBuildFile; fileRef = A3FC7FCF19C1D263009E5336 /* Main.storyboard */; };
		A3FC7FD319C1D263009E5336 /* Images.xcassets in Resources */ = {isa = PBXBuildFile; fileRef = A3FC7FD219C1D263009E5336 /* Images.xcassets */; };
		A3FC7FD619C1D263009E5336 /* LaunchScreen.xib in Resources */ = {isa = PBXBuildFile; fileRef = A3FC7FD419C1D263009E5336 /* LaunchScreen.xib */; };
		A3FC7FE219C1D263009E5336 /* CombinismoTests.m in Sources */ = {isa = PBXBuildFile; fileRef = A3FC7FE119C1D263009E5336 /* CombinismoTests.m */; };
		A3FC7FED19C1D3B9009E5336 /* Carta.m in Sources */ = {isa = PBXBuildFile; fileRef = A3FC7FEC19C1D3B9009E5336 /* Carta.m */; };
		A3FC7FF019C1D825009E5336 /* Baralho.m in Sources */ = {isa = PBXBuildFile; fileRef = A3FC7FEF19C1D825009E5336 /* Baralho.m */; };
		A3FC7FF319C1DBC5009E5336 /* CartaDeJogo.m in Sources */ = {isa = PBXBuildFile; fileRef = A3FC7FF219C1DBC5009E5336 /* CartaDeJogo.m */; };
		A3FC7FF619C1E0F7009E5336 /* BaralhoDeJogo.m in Sources */ = {isa = PBXBuildFile; fileRef = A3FC7FF519C1E0F7009E5336 /* BaralhoDeJogo.m */; };
		A3FC7FF919C1E50F009E5336 /* JogoDeCartasViewController.m in Sources */ = {isa = PBXBuildFile; fileRef = A3FC7FF819C1E50F009E5336 /* JogoDeCartasViewController.m */; };
/* End PBXBuildFile section */

/* Begin PBXContainerItemProxy section */
		A3FC7FDC19C1D263009E5336 /* PBXContainerItemProxy */ = {
			isa = PBXContainerItemProxy;
			containerPortal = A3FC7FBA19C1D263009E5336 /* Project object */;
			proxyType = 1;
			remoteGlobalIDString = A3FC7FC119C1D263009E5336;
			remoteInfo = Combinismo;
		};
/* End PBXContainerItemProxy section */

/* Begin PBXFileReference section */
		A36A089419D3557A00F2B5C3 /* CartaView.h */ = {isa = PBXFileReference; fileEncoding = 4; lastKnownFileType = sourcecode.c.h; path = CartaView.h; sourceTree = "<group>"; };
		A36A089519D3557A00F2B5C3 /* CartaView.m */ = {isa = PBXFileReference; fileEncoding = 4; lastKnownFileType = sourcecode.c.objc; path = CartaView.m; sourceTree = "<group>"; };
		A3E354C919C9D20A00DEF8F0 /* JogoDeCombinacaoDeCartas.h */ = {isa = PBXFileReference; fileEncoding = 4; lastKnownFileType = sourcecode.c.h; path = JogoDeCombinacaoDeCartas.h; sourceTree = "<group>"; };
		A3E354CA19C9D20A00DEF8F0 /* JogoDeCombinacaoDeCartas.m */ = {isa = PBXFileReference; fileEncoding = 4; lastKnownFileType = sourcecode.c.objc; path = JogoDeCombinacaoDeCartas.m; sourceTree = "<group>"; };
		A3FC7FC219C1D263009E5336 /* Combinismo.app */ = {isa = PBXFileReference; explicitFileType = wrapper.application; includeInIndex = 0; path = Combinismo.app; sourceTree = BUILT_PRODUCTS_DIR; };
		A3FC7FC619C1D263009E5336 /* Info.plist */ = {isa = PBXFileReference; lastKnownFileType = text.plist.xml; path = Info.plist; sourceTree = "<group>"; };
		A3FC7FC719C1D263009E5336 /* main.m */ = {isa = PBXFileReference; lastKnownFileType = sourcecode.c.objc; path = main.m; sourceTree = "<group>"; };
		A3FC7FC919C1D263009E5336 /* AppDelegate.h */ = {isa = PBXFileReference; lastKnownFileType = sourcecode.c.h; path = AppDelegate.h; sourceTree = "<group>"; };
		A3FC7FCA19C1D263009E5336 /* AppDelegate.m */ = {isa = PBXFileReference; lastKnownFileType = sourcecode.c.objc; path = AppDelegate.m; sourceTree = "<group>"; };
		A3FC7FD019C1D263009E5336 /* Base */ = {isa = PBXFileReference; lastKnownFileType = file.storyboard; name = Base; path = Base.lproj/Main.storyboard; sourceTree = "<group>"; };
		A3FC7FD219C1D263009E5336 /* Images.xcassets */ = {isa = PBXFileReference; lastKnownFileType = folder.assetcatalog; path = Images.xcassets; sourceTree = "<group>"; };
		A3FC7FD519C1D263009E5336 /* Base */ = {isa = PBXFileReference; lastKnownFileType = file.xib; name = Base; path = Base.lproj/LaunchScreen.xib; sourceTree = "<group>"; };
		A3FC7FDB19C1D263009E5336 /* CombinismoTests.xctest */ = {isa = PBXFileReference; explicitFileType = wrapper.cfbundle; includeInIndex = 0; path = CombinismoTests.xctest; sourceTree = BUILT_PRODUCTS_DIR; };
		A3FC7FE019C1D263009E5336 /* Info.plist */ = {isa = PBXFileReference; lastKnownFileType = text.plist.xml; path = Info.plist; sourceTree = "<group>"; };
		A3FC7FE119C1D263009E5336 /* CombinismoTests.m */ = {isa = PBXFileReference; lastKnownFileType = sourcecode.c.objc; path = CombinismoTests.m; sourceTree = "<group>"; };
		A3FC7FEB19C1D3B9009E5336 /* Carta.h */ = {isa = PBXFileReference; fileEncoding = 4; lastKnownFileType = sourcecode.c.h; path = Carta.h; sourceTree = "<group>"; };
		A3FC7FEC19C1D3B9009E5336 /* Carta.m */ = {isa = PBXFileReference; fileEncoding = 4; lastKnownFileType = sourcecode.c.objc; path = Carta.m; sourceTree = "<group>"; };
		A3FC7FEE19C1D825009E5336 /* Baralho.h */ = {isa = PBXFileReference; fileEncoding = 4; lastKnownFileType = sourcecode.c.h; path = Baralho.h; sourceTree = "<group>"; };
		A3FC7FEF19C1D825009E5336 /* Baralho.m */ = {isa = PBXFileReference; fileEncoding = 4; lastKnownFileType = sourcecode.c.objc; path = Baralho.m; sourceTree = "<group>"; };
		A3FC7FF119C1DBC5009E5336 /* CartaDeJogo.h */ = {isa = PBXFileReference; fileEncoding = 4; lastKnownFileType = sourcecode.c.h; path = CartaDeJogo.h; sourceTree = "<group>"; };
		A3FC7FF219C1DBC5009E5336 /* CartaDeJogo.m */ = {isa = PBXFileReference; fileEncoding = 4; lastKnownFileType = sourcecode.c.objc; path = CartaDeJogo.m; sourceTree = "<group>"; };
		A3FC7FF419C1E0F7009E5336 /* BaralhoDeJogo.h */ = {isa = PBXFileReference; fileEncoding = 4; lastKnownFileType = sourcecode.c.h; path = BaralhoDeJogo.h; sourceTree = "<group>"; };
		A3FC7FF519C1E0F7009E5336 /* BaralhoDeJogo.m */ = {isa = PBXFileReference; fileEncoding = 4; lastKnownFileType = sourcecode.c.objc; path = BaralhoDeJogo.m; sourceTree = "<group>"; };
		A3FC7FF719C1E50F009E5336 /* JogoDeCartasViewController.h */ = {isa = PBXFileReference; fileEncoding = 4; lastKnownFileType = sourcecode.c.h; path = JogoDeCartasViewController.h; sourceTree = "<group>"; };
		A3FC7FF819C1E50F009E5336 /* JogoDeCartasViewController.m */ = {isa = PBXFileReference; fileEncoding = 4; lastKnownFileType = sourcecode.c.objc; path = JogoDeCartasViewController.m; sourceTree = "<group>"; };
/* End PBXFileReference section */

/* Begin PBXFrameworksBuildPhase section */
		A3FC7FBF19C1D263009E5336 /* Frameworks */ = {
			isa = PBXFrameworksBuildPhase;
			buildActionMask = 2147483647;
			files = (
			);
			runOnlyForDeploymentPostprocessing = 0;
		};
		A3FC7FD819C1D263009E5336 /* Frameworks */ = {
			isa = PBXFrameworksBuildPhase;
			buildActionMask = 2147483647;
			files = (
			);
			runOnlyForDeploymentPostprocessing = 0;
		};
/* End PBXFrameworksBuildPhase section */

/* Begin PBXGroup section */
		A3730C4219C726A4000EDB06 /* Model */ = {
			isa = PBXGroup;
			children = (
				A3FC7FEB19C1D3B9009E5336 /* Carta.h */,
				A3FC7FEC19C1D3B9009E5336 /* Carta.m */,
				A3FC7FEE19C1D825009E5336 /* Baralho.h */,
				A3FC7FEF19C1D825009E5336 /* Baralho.m */,
				A3FC7FF119C1DBC5009E5336 /* CartaDeJogo.h */,
				A3FC7FF219C1DBC5009E5336 /* CartaDeJogo.m */,
				A3FC7FF419C1E0F7009E5336 /* BaralhoDeJogo.h */,
				A3FC7FF519C1E0F7009E5336 /* BaralhoDeJogo.m */,
				A3E354C919C9D20A00DEF8F0 /* JogoDeCombinacaoDeCartas.h */,
				A3E354CA19C9D20A00DEF8F0 /* JogoDeCombinacaoDeCartas.m */,
			);
			name = Model;
			sourceTree = "<group>";
		};
		A3FC7FB919C1D263009E5336 = {
			isa = PBXGroup;
			children = (
				A3FC7FC419C1D263009E5336 /* Combinismo */,
				A3FC7FC519C1D263009E5336 /* Supporting Files */,
				A3FC7FDE19C1D263009E5336 /* CombinismoTests */,
				A3FC7FC319C1D263009E5336 /* Products */,
			);
			sourceTree = "<group>";
		};
		A3FC7FC319C1D263009E5336 /* Products */ = {
			isa = PBXGroup;
			children = (
				A3FC7FC219C1D263009E5336 /* Combinismo.app */,
				A3FC7FDB19C1D263009E5336 /* CombinismoTests.xctest */,
			);
			name = Products;
			sourceTree = "<group>";
		};
		A3FC7FC419C1D263009E5336 /* Combinismo */ = {
			isa = PBXGroup;
			children = (
				A3FC7FCF19C1D263009E5336 /* Main.storyboard */,
				A3FC7FF719C1E50F009E5336 /* JogoDeCartasViewController.h */,
				A3FC7FF819C1E50F009E5336 /* JogoDeCartasViewController.m */,
				A36A089419D3557A00F2B5C3 /* CartaView.h */,
				A36A089519D3557A00F2B5C3 /* CartaView.m */,
				A3730C4219C726A4000EDB06 /* Model */,
			);
			path = Combinismo;
			sourceTree = "<group>";
		};
		A3FC7FC519C1D263009E5336 /* Supporting Files */ = {
			isa = PBXGroup;
			children = (
				A3FC7FC919C1D263009E5336 /* AppDelegate.h */,
				A3FC7FCA19C1D263009E5336 /* AppDelegate.m */,
				A3FC7FD419C1D263009E5336 /* LaunchScreen.xib */,
				A3FC7FD219C1D263009E5336 /* Images.xcassets */,
				A3FC7FC619C1D263009E5336 /* Info.plist */,
				A3FC7FC719C1D263009E5336 /* main.m */,
			);
			name = "Supporting Files";
			path = Combinismo;
			sourceTree = "<group>";
		};
		A3FC7FDE19C1D263009E5336 /* CombinismoTests */ = {
			isa = PBXGroup;
			children = (
				A3FC7FE119C1D263009E5336 /* CombinismoTests.m */,
				A3FC7FDF19C1D263009E5336 /* Supporting Files */,
			);
			path = CombinismoTests;
			sourceTree = "<group>";
		};
		A3FC7FDF19C1D263009E5336 /* Supporting Files */ = {
			isa = PBXGroup;
			children = (
				A3FC7FE019C1D263009E5336 /* Info.plist */,
			);
			name = "Supporting Files";
			sourceTree = "<group>";
		};
/* End PBXGroup section */

/* Begin PBXNativeTarget section */
		A3FC7FC119C1D263009E5336 /* Combinismo */ = {
			isa = PBXNativeTarget;
			buildConfigurationList = A3FC7FE519C1D263009E5336 /* Build configuration list for PBXNativeTarget "Combinismo" */;
			buildPhases = (
				A3FC7FBE19C1D263009E5336 /* Sources */,
				A3FC7FBF19C1D263009E5336 /* Frameworks */,
				A3FC7FC019C1D263009E5336 /* Resources */,
			);
			buildRules = (
			);
			dependencies = (
			);
			name = Combinismo;
			productName = Combinismo;
			productReference = A3FC7FC219C1D263009E5336 /* Combinismo.app */;
			productType = "com.apple.product-type.application";
		};
		A3FC7FDA19C1D263009E5336 /* CombinismoTests */ = {
			isa = PBXNativeTarget;
			buildConfigurationList = A3FC7FE819C1D263009E5336 /* Build configuration list for PBXNativeTarget "CombinismoTests" */;
			buildPhases = (
				A3FC7FD719C1D263009E5336 /* Sources */,
				A3FC7FD819C1D263009E5336 /* Frameworks */,
				A3FC7FD919C1D263009E5336 /* Resources */,
			);
			buildRules = (
			);
			dependencies = (
				A3FC7FDD19C1D263009E5336 /* PBXTargetDependency */,
			);
			name = CombinismoTests;
			productName = CombinismoTests;
			productReference = A3FC7FDB19C1D263009E5336 /* CombinismoTests.xctest */;
			productType = "com.apple.product-type.bundle.unit-test";
		};
/* End PBXNativeTarget section */

/* Begin PBXProject section */
		A3FC7FBA19C1D263009E5336 /* Project object */ = {
			isa = PBXProject;
			attributes = {
				LastUpgradeCheck = 0600;
				ORGANIZATIONNAME = CocoaHeadsBR;
				TargetAttributes = {
					A3FC7FC119C1D263009E5336 = {
						CreatedOnToolsVersion = 6.0;
					};
					A3FC7FDA19C1D263009E5336 = {
						CreatedOnToolsVersion = 6.0;
						TestTargetID = A3FC7FC119C1D263009E5336;
					};
				};
			};
			buildConfigurationList = A3FC7FBD19C1D263009E5336 /* Build configuration list for PBXProject "Combinismo" */;
			compatibilityVersion = "Xcode 3.2";
			developmentRegion = English;
			hasScannedForEncodings = 0;
			knownRegions = (
				en,
				Base,
			);
			mainGroup = A3FC7FB919C1D263009E5336;
			productRefGroup = A3FC7FC319C1D263009E5336 /* Products */;
			projectDirPath = "";
			projectRoot = "";
			targets = (
				A3FC7FC119C1D263009E5336 /* Combinismo */,
				A3FC7FDA19C1D263009E5336 /* CombinismoTests */,
			);
		};
/* End PBXProject section */

/* Begin PBXResourcesBuildPhase section */
		A3FC7FC019C1D263009E5336 /* Resources */ = {
			isa = PBXResourcesBuildPhase;
			buildActionMask = 2147483647;
			files = (
				A3FC7FD119C1D263009E5336 /* Main.storyboard in Resources */,
				A3FC7FD619C1D263009E5336 /* LaunchScreen.xib in Resources */,
				A3FC7FD319C1D263009E5336 /* Images.xcassets in Resources */,
			);
			runOnlyForDeploymentPostprocessing = 0;
		};
		A3FC7FD919C1D263009E5336 /* Resources */ = {
			isa = PBXResourcesBuildPhase;
			buildActionMask = 2147483647;
			files = (
			);
			runOnlyForDeploymentPostprocessing = 0;
		};
/* End PBXResourcesBuildPhase section */

/* Begin PBXSourcesBuildPhase section */
		A3FC7FBE19C1D263009E5336 /* Sources */ = {
			isa = PBXSourcesBuildPhase;
			buildActionMask = 2147483647;
			files = (
				A3E354CB19C9D20A00DEF8F0 /* JogoDeCombinacaoDeCartas.m in Sources */,
				A3FC7FED19C1D3B9009E5336 /* Carta.m in Sources */,
				A3FC7FF919C1E50F009E5336 /* JogoDeCartasViewController.m in Sources */,
				A3FC7FF019C1D825009E5336 /* Baralho.m in Sources */,
				A36A089619D3557A00F2B5C3 /* CartaView.m in Sources */,
				A3FC7FCB19C1D263009E5336 /* AppDelegate.m in Sources */,
				A3FC7FF619C1E0F7009E5336 /* BaralhoDeJogo.m in Sources */,
				A3FC7FC819C1D263009E5336 /* main.m in Sources */,
				A3FC7FF319C1DBC5009E5336 /* CartaDeJogo.m in Sources */,
			);
			runOnlyForDeploymentPostprocessing = 0;
		};
		A3FC7FD719C1D263009E5336 /* Sources */ = {
			isa = PBXSourcesBuildPhase;
			buildActionMask = 2147483647;
			files = (
				A3FC7FE219C1D263009E5336 /* CombinismoTests.m in Sources */,
			);
			runOnlyForDeploymentPostprocessing = 0;
		};
/* End PBXSourcesBuildPhase section */

/* Begin PBXTargetDependency section */
		A3FC7FDD19C1D263009E5336 /* PBXTargetDependency */ = {
			isa = PBXTargetDependency;
			target = A3FC7FC119C1D263009E5336 /* Combinismo */;
			targetProxy = A3FC7FDC19C1D263009E5336 /* PBXContainerItemProxy */;
		};
/* End PBXTargetDependency section */

/* Begin PBXVariantGroup section */
		A3FC7FCF19C1D263009E5336 /* Main.storyboard */ = {
			isa = PBXVariantGroup;
			children = (
				A3FC7FD019C1D263009E5336 /* Base */,
			);
			name = Main.storyboard;
			sourceTree = "<group>";
		};
		A3FC7FD419C1D263009E5336 /* LaunchScreen.xib */ = {
			isa = PBXVariantGroup;
			children = (
				A3FC7FD519C1D263009E5336 /* Base */,
			);
			name = LaunchScreen.xib;
			sourceTree = "<group>";
		};
/* End PBXVariantGroup section */

/* Begin XCBuildConfiguration section */
		A3FC7FE319C1D263009E5336 /* Debug */ = {
			isa = XCBuildConfiguration;
			buildSettings = {
				ALWAYS_SEARCH_USER_PATHS = NO;
				CLANG_CXX_LANGUAGE_STANDARD = "gnu++0x";
				CLANG_CXX_LIBRARY = "libc++";
				CLANG_ENABLE_MODULES = YES;
				CLANG_ENABLE_OBJC_ARC = YES;
				CLANG_WARN_BOOL_CONVERSION = YES;
				CLANG_WARN_CONSTANT_CONVERSION = YES;
				CLANG_WARN_DIRECT_OBJC_ISA_USAGE = YES_ERROR;
				CLANG_WARN_EMPTY_BODY = YES;
				CLANG_WARN_ENUM_CONVERSION = YES;
				CLANG_WARN_INT_CONVERSION = YES;
				CLANG_WARN_OBJC_ROOT_CLASS = YES_ERROR;
				CLANG_WARN_UNREACHABLE_CODE = YES;
				CLANG_WARN__DUPLICATE_METHOD_MATCH = YES;
				"CODE_SIGN_IDENTITY[sdk=iphoneos*]" = "iPhone Developer";
				COPY_PHASE_STRIP = NO;
				ENABLE_STRICT_OBJC_MSGSEND = YES;
				GCC_C_LANGUAGE_STANDARD = gnu99;
				GCC_DYNAMIC_NO_PIC = NO;
				GCC_OPTIMIZATION_LEVEL = 0;
				GCC_PREPROCESSOR_DEFINITIONS = (
					"DEBUG=1",
					"$(inherited)",
				);
				GCC_SYMBOLS_PRIVATE_EXTERN = NO;
				GCC_WARN_64_TO_32_BIT_CONVERSION = YES;
				GCC_WARN_ABOUT_RETURN_TYPE = YES_ERROR;
				GCC_WARN_UNDECLARED_SELECTOR = YES;
				GCC_WARN_UNINITIALIZED_AUTOS = YES_AGGRESSIVE;
				GCC_WARN_UNUSED_FUNCTION = YES;
				GCC_WARN_UNUSED_VARIABLE = YES;
				IPHONEOS_DEPLOYMENT_TARGET = 8.0;
				MTL_ENABLE_DEBUG_INFO = YES;
				ONLY_ACTIVE_ARCH = YES;
				SDKROOT = iphoneos;
			};
			name = Debug;
		};
		A3FC7FE419C1D263009E5336 /* Release */ = {
			isa = XCBuildConfiguration;
			buildSettings = {
				ALWAYS_SEARCH_USER_PATHS = NO;
				CLANG_CXX_LANGUAGE_STANDARD = "gnu++0x";
				CLANG_CXX_LIBRARY = "libc++";
				CLANG_ENABLE_MODULES = YES;
				CLANG_ENABLE_OBJC_ARC = YES;
				CLANG_WARN_BOOL_CONVERSION = YES;
				CLANG_WARN_CONSTANT_CONVERSION = YES;
				CLANG_WARN_DIRECT_OBJC_ISA_USAGE = YES_ERROR;
				CLANG_WARN_EMPTY_BODY = YES;
				CLANG_WARN_ENUM_CONVERSION = YES;
				CLANG_WARN_INT_CONVERSION = YES;
				CLANG_WARN_OBJC_ROOT_CLASS = YES_ERROR;
				CLANG_WARN_UNREACHABLE_CODE = YES;
				CLANG_WARN__DUPLICATE_METHOD_MATCH = YES;
				"CODE_SIGN_IDENTITY[sdk=iphoneos*]" = "iPhone Developer";
				COPY_PHASE_STRIP = YES;
				ENABLE_NS_ASSERTIONS = NO;
				ENABLE_STRICT_OBJC_MSGSEND = YES;
				GCC_C_LANGUAGE_STANDARD = gnu99;
				GCC_WARN_64_TO_32_BIT_CONVERSION = YES;
				GCC_WARN_ABOUT_RETURN_TYPE = YES_ERROR;
				GCC_WARN_UNDECLARED_SELECTOR = YES;
				GCC_WARN_UNINITIALIZED_AUTOS = YES_AGGRESSIVE;
				GCC_WARN_UNUSED_FUNCTION = YES;
				GCC_WARN_UNUSED_VARIABLE = YES;
				IPHONEOS_DEPLOYMENT_TARGET = 8.0;
				MTL_ENABLE_DEBUG_INFO = NO;
				SDKROOT = iphoneos;
				VALIDATE_PRODUCT = YES;
			};
			name = Release;
		};
		A3FC7FE619C1D263009E5336 /* Debug */ = {
			isa = XCBuildConfiguration;
			buildSettings = {
				ASSETCATALOG_COMPILER_APPICON_NAME = AppIcon;
				INFOPLIST_FILE = Combinismo/Info.plist;
				LD_RUNPATH_SEARCH_PATHS = "$(inherited) @executable_path/Frameworks";
				PRODUCT_NAME = "$(TARGET_NAME)";
			};
			name = Debug;
		};
		A3FC7FE719C1D263009E5336 /* Release */ = {
			isa = XCBuildConfiguration;
			buildSettings = {
				ASSETCATALOG_COMPILER_APPICON_NAME = AppIcon;
				INFOPLIST_FILE = Combinismo/Info.plist;
				LD_RUNPATH_SEARCH_PATHS = "$(inherited) @executable_path/Frameworks";
				PRODUCT_NAME = "$(TARGET_NAME)";
			};
			name = Release;
		};
		A3FC7FE919C1D263009E5336 /* Debug */ = {
			isa = XCBuildConfiguration;
			buildSettings = {
				BUNDLE_LOADER = "$(TEST_HOST)";
				FRAMEWORK_SEARCH_PATHS = (
					"$(SDKROOT)/Developer/Library/Frameworks",
					"$(inherited)",
				);
				GCC_PREPROCESSOR_DEFINITIONS = (
					"DEBUG=1",
					"$(inherited)",
				);
				INFOPLIST_FILE = CombinismoTests/Info.plist;
				LD_RUNPATH_SEARCH_PATHS = "$(inherited) @executable_path/Frameworks @loader_path/Frameworks";
				PRODUCT_NAME = "$(TARGET_NAME)";
				TEST_HOST = "$(BUILT_PRODUCTS_DIR)/Combinismo.app/Combinismo";
			};
			name = Debug;
		};
		A3FC7FEA19C1D263009E5336 /* Release */ = {
			isa = XCBuildConfiguration;
			buildSettings = {
				BUNDLE_LOADER = "$(TEST_HOST)";
				FRAMEWORK_SEARCH_PATHS = (
					"$(SDKROOT)/Developer/Library/Frameworks",
					"$(inherited)",
				);
				INFOPLIST_FILE = CombinismoTests/Info.plist;
				LD_RUNPATH_SEARCH_PATHS = "$(inherited) @executable_path/Frameworks @loader_path/Frameworks";
				PRODUCT_NAME = "$(TARGET_NAME)";
				TEST_HOST = "$(BUILT_PRODUCTS_DIR)/Combinismo.app/Combinismo";
			};
			name = Release;
		};
/* End XCBuildConfiguration section */

/* Begin XCConfigurationList section */
		A3FC7FBD19C1D263009E5336 /* Build configuration list for PBXProject "Combinismo" */ = {
			isa = XCConfigurationList;
			buildConfigurations = (
				A3FC7FE319C1D263009E5336 /* Debug */,
				A3FC7FE419C1D263009E5336 /* Release */,
			);
			defaultConfigurationIsVisible = 0;
			defaultConfigurationName = Release;
		};
		A3FC7FE519C1D263009E5336 /* Build configuration list for PBXNativeTarget "Combinismo" */ = {
			isa = XCConfigurationList;
			buildConfigurations = (
				A3FC7FE619C1D263009E5336 /* Debug */,
				A3FC7FE719C1D263009E5336 /* Release */,
			);
			defaultConfigurationIsVisible = 0;
			defaultConfigurationName = Release;
		};
		A3FC7FE819C1D263009E5336 /* Build configuration list for PBXNativeTarget "CombinismoTests" */ = {
			isa = XCConfigurationList;
			buildConfigurations = (
				A3FC7FE919C1D263009E5336 /* Debug */,
				A3FC7FEA19C1D263009E5336 /* Release */,
			);
			defaultConfigurationIsVisible = 0;
			defaultConfigurationName = Release;
		};
/* End XCConfigurationList section */
	};
	rootObject = A3FC7FBA19C1D263009E5336 /* Project object */;
}
